
Microsoft Visual Studio Solution File, Format Version 12.00
# Visual Studio Version 17
VisualStudioVersion = 17.13.35931.197
MinimumVisualStudioVersion = 10.0.40219.1
Project("{FAE04EC0-301F-11D3-BF4B-00C04F79EFBC}") = "SchoolApiGW", "SchoolApiGW\SchoolApiGW.csproj", "{3BD86D59-B7EE-4531-90CA-F422C1FD983E}"
EndProject
Global
	GlobalSection(SolutionConfigurationPlatforms) = preSolution
		Debug|Any CPU = Debug|Any CPU
		Release|Any CPU = Release|Any CPU
	EndGlobalSection
	GlobalSection(ProjectConfigurationPlatforms) = postSolution
		{3BD86D59-B7EE-4531-90CA-F422C1FD983E}.Debug|Any CPU.ActiveCfg = Debug|Any CPU
		{3BD86D59-B7EE-4531-90CA-F422C1FD983E}.Debug|Any CPU.Build.0 = Debug|Any CPU
		{3BD86D59-B7EE-4531-90CA-F422C1FD983E}.Release|Any CPU.ActiveCfg = Debug|Any CPU
		{3BD86D59-B7EE-4531-90CA-F422C1FD983E}.Release|Any CPU.Build.0 = Debug|Any CPU
	EndGlobalSection
	GlobalSection(SolutionProperties) = preSolution
		HideSolutionNode = FALSE
	EndGlobalSection
	GlobalSection(ExtensibilityGlobals) = postSolution
		SolutionGuid = {F724D5CA-2377-4F55-8F91-3D38BA3809FD}
	EndGlobalSection
EndGlobal
